
Microsoft Visual Studio Solution File, Format Version 12.00
# Visual Studio Version 16
VisualStudioVersion = 16.0.31402.337
MinimumVisualStudioVersion = 10.0.40219.1
Project("{FAE04EC0-301F-11D3-BF4B-00C04F79EFBC}") = "Proyecto Integrador", "Proyecto Integrador\Proyecto Integrador.csproj", "{F36EE520-C877-418C-B211-EE9E3DBC26A7}"
EndProject
Global
	GlobalSection(SolutionConfigurationPlatforms) = preSolution
		Debug|Any CPU = Debug|Any CPU
		Release|Any CPU = Release|Any CPU
	EndGlobalSection
	GlobalSection(ProjectConfigurationPlatforms) = postSolution
		{F36EE520-C877-418C-B211-EE9E3DBC26A7}.Debug|Any CPU.ActiveCfg = Debug|Any CPU
		{F36EE520-C877-418C-B211-EE9E3DBC26A7}.Debug|Any CPU.Build.0 = Debug|Any CPU
		{F36EE520-C877-418C-B211-EE9E3DBC26A7}.Release|Any CPU.ActiveCfg = Release|Any CPU
		{F36EE520-C877-418C-B211-EE9E3DBC26A7}.Release|Any CPU.Build.0 = Release|Any CPU
	EndGlobalSection
	GlobalSection(SolutionProperties) = preSolution
		HideSolutionNode = FALSE
	EndGlobalSection
	GlobalSection(ExtensibilityGlobals) = postSolution
		SolutionGuid = {46B0F5D6-D6F2-4306-9905-BDD552B41777}
	EndGlobalSection
EndGlobal
